
Microsoft Visual Studio Solution File, Format Version 12.00
# Visual Studio 15
VisualStudioVersion = 15.0.28307.572
MinimumVisualStudioVersion = 10.0.40219.1
Project("{FAE04EC0-301F-11D3-BF4B-00C04F79EFBC}") = "CSharpRodrigoCamini", "CSharpRodrigoCamini\CSharpRodrigoCamini.csproj", "{84F2F013-3A74-4860-A1C0-CACA1FC2A856}"
EndProject
Global
	GlobalSection(SolutionConfigurationPlatforms) = preSolution
		Debug|Any CPU = Debug|Any CPU
		Release|Any CPU = Release|Any CPU
	EndGlobalSection
	GlobalSection(ProjectConfigurationPlatforms) = postSolution
		{84F2F013-3A74-4860-A1C0-CACA1FC2A856}.Debug|Any CPU.ActiveCfg = Debug|Any CPU
		{84F2F013-3A74-4860-A1C0-CACA1FC2A856}.Debug|Any CPU.Build.0 = Debug|Any CPU
		{84F2F013-3A74-4860-A1C0-CACA1FC2A856}.Release|Any CPU.ActiveCfg = Release|Any CPU
		{84F2F013-3A74-4860-A1C0-CACA1FC2A856}.Release|Any CPU.Build.0 = Release|Any CPU
	EndGlobalSection
	GlobalSection(SolutionProperties) = preSolution
		HideSolutionNode = FALSE
	EndGlobalSection
	GlobalSection(ExtensibilityGlobals) = postSolution
		SolutionGuid = {7AEED79D-F526-407B-ACF9-AFE838CAB416}
	EndGlobalSection
EndGlobal
